// !$*UTF8*$!
{
	archiveVersion = 1;
	classes = {
	};
	objectVersion = 46;
	objects = {

/* Begin PBXBuildFile section */
		2643FECD16B9B8D900459864 /* app_bg.png in Resources */ = {isa = PBXBuildFile; fileRef = 2643FECC16B9B8D900459864 /* app_bg.png */; };
		2643FECF16B9B9E700459864 /* img_bg.png in Resources */ = {isa = PBXBuildFile; fileRef = 2643FECE16B9B9E700459864 /* img_bg.png */; };
		2643FED116B9BBCC00459864 /* bg_color.png in Resources */ = {isa = PBXBuildFile; fileRef = 2643FED016B9BBCC00459864 /* bg_color.png */; };
		2643FED816B9D62C00459864 /* GroupSearchViewController.m in Sources */ = {isa = PBXBuildFile; fileRef = 2643FED716B9D62C00459864 /* GroupSearchViewController.m */; };
		2643FEDA16B9D7DC00459864 /* AllGroupCellView.xib  in Resources */ = {isa = PBXBuildFile; fileRef = 2643FED916B9D7DC00459864 /* AllGroupCellView.xib  */; };
		99B5FF3E1671235F00AE6179 /* UIKit.framework in Frameworks */ = {isa = PBXBuildFile; fileRef = 99B5FF3D1671235F00AE6179 /* UIKit.framework */; };
		99B5FF401671235F00AE6179 /* Foundation.framework in Frameworks */ = {isa = PBXBuildFile; fileRef = 99B5FF3F1671235F00AE6179 /* Foundation.framework */; };
		99B5FF421671235F00AE6179 /* CoreGraphics.framework in Frameworks */ = {isa = PBXBuildFile; fileRef = 99B5FF411671235F00AE6179 /* CoreGraphics.framework */; };
		99B5FF481671235F00AE6179 /* InfoPlist.strings in Resources */ = {isa = PBXBuildFile; fileRef = 99B5FF461671235F00AE6179 /* InfoPlist.strings */; };
		99B5FF4A1671235F00AE6179 /* main.m in Sources */ = {isa = PBXBuildFile; fileRef = 99B5FF491671235F00AE6179 /* main.m */; };
		99B5FF4E1671235F00AE6179 /* TFANetAppAppDelegate.m in Sources */ = {isa = PBXBuildFile; fileRef = 99B5FF4D1671235F00AE6179 /* TFANetAppAppDelegate.m */; };
		99B5FF501671235F00AE6179 /* Default.png in Resources */ = {isa = PBXBuildFile; fileRef = 99B5FF4F1671235F00AE6179 /* Default.png */; };
		99B5FF521671235F00AE6179 /* Default@2x.png in Resources */ = {isa = PBXBuildFile; fileRef = 99B5FF511671235F00AE6179 /* Default@2x.png */; };
		99B5FF541671235F00AE6179 /* Default-568h@2x.png in Resources */ = {isa = PBXBuildFile; fileRef = 99B5FF531671235F00AE6179 /* Default-568h@2x.png */; };
		99B5FF571671235F00AE6179 /* MainStoryboard.storyboard in Resources */ = {isa = PBXBuildFile; fileRef = 99B5FF551671235F00AE6179 /* MainStoryboard.storyboard */; };
		99B5FF5A1671235F00AE6179 /* TFANetAppViewController.m in Sources */ = {isa = PBXBuildFile; fileRef = 99B5FF591671235F00AE6179 /* TFANetAppViewController.m */; };
		99B5FF61167124B100AE6179 /* banner_tfanet.png in Resources */ = {isa = PBXBuildFile; fileRef = 99B5FF60167124B100AE6179 /* banner_tfanet.png */; };
		AD06F5D116BAF51B00091D86 /* DicussionViewController.m in Sources */ = {isa = PBXBuildFile; fileRef = AD06F5D016BAF51B00091D86 /* DicussionViewController.m */; };
		AD06F5D916BAFBEE00091D86 /* DiscussionView.xib in Resources */ = {isa = PBXBuildFile; fileRef = AD06F5D816BAFBEE00091D86 /* DiscussionView.xib */; };
		AD06F60116BC0D7000091D86 /* DiscussionCell.m in Sources */ = {isa = PBXBuildFile; fileRef = AD06F5FA16BC0D7000091D86 /* DiscussionCell.m */; };
		AD06F60216BC0D7000091D86 /* Discussion.m in Sources */ = {isa = PBXBuildFile; fileRef = AD06F5FB16BC0D7000091D86 /* Discussion.m */; };
		AD06F60316BC0D7000091D86 /* Author.m in Sources */ = {isa = PBXBuildFile; fileRef = AD06F5FE16BC0D7000091D86 /* Author.m */; };
		AD06F60416BC0D7000091D86 /* DateStamp.m in Sources */ = {isa = PBXBuildFile; fileRef = AD06F5FF16BC0D7000091D86 /* DateStamp.m */; };
		AD13C59316B8584100B5CF5C /* MyGroupsViewController.m in Sources */ = {isa = PBXBuildFile; fileRef = AD13C58D16B8584100B5CF5C /* MyGroupsViewController.m */; };
		AD13C59416B8584100B5CF5C /* GroupCell.m in Sources */ = {isa = PBXBuildFile; fileRef = AD13C59016B8584100B5CF5C /* GroupCell.m */; };
		AD13C59516B8584100B5CF5C /* GroupDetailViewController.m in Sources */ = {isa = PBXBuildFile; fileRef = AD13C59116B8584100B5CF5C /* GroupDetailViewController.m */; };
		AD13C60A16B8775B00B5CF5C /* Group.m in Sources */ = {isa = PBXBuildFile; fileRef = AD13C60916B8775B00B5CF5C /* Group.m */; };
		AD13C63216B88CE800B5CF5C /* GroupCellView.xib in Resources */ = {isa = PBXBuildFile; fileRef = AD13C63116B88CE800B5CF5C /* GroupCellView.xib */; };
		AD13C6BB16B979C500B5CF5C /* loginbg.png in Resources */ = {isa = PBXBuildFile; fileRef = AD13C6BA16B979C500B5CF5C /* loginbg.png */; };
		AD13C6C016B97F3700B5CF5C /* login_hoverbtn.png in Resources */ = {isa = PBXBuildFile; fileRef = AD13C6BD16B97F3700B5CF5C /* login_hoverbtn.png */; };
		AD13C6C116B97F3700B5CF5C /* loginbtn_hover.png in Resources */ = {isa = PBXBuildFile; fileRef = AD13C6BE16B97F3700B5CF5C /* loginbtn_hover.png */; };
		AD13C6C216B97F3700B5CF5C /* login_btn.png in Resources */ = {isa = PBXBuildFile; fileRef = AD13C6BF16B97F3700B5CF5C /* login_btn.png */; };
		AD13C6D316B9A80400B5CF5C /* blogbtn.png in Resources */ = {isa = PBXBuildFile; fileRef = AD13C6CC16B9A80400B5CF5C /* blogbtn.png */; };
		AD13C6D416B9A80400B5CF5C /* pf_btn.png in Resources */ = {isa = PBXBuildFile; fileRef = AD13C6CD16B9A80400B5CF5C /* pf_btn.png */; };
		AD13C6D516B9A80400B5CF5C /* groups.png in Resources */ = {isa = PBXBuildFile; fileRef = AD13C6CE16B9A80400B5CF5C /* groups.png */; };
		AD13C6D616B9A80400B5CF5C /* profile.png in Resources */ = {isa = PBXBuildFile; fileRef = AD13C6CF16B9A80400B5CF5C /* profile.png */; };
		AD13C6D716B9A80400B5CF5C /* news_btn.png in Resources */ = {isa = PBXBuildFile; fileRef = AD13C6D016B9A80400B5CF5C /* news_btn.png */; };
		AD13C6D816B9A80400B5CF5C /* region_btn.png in Resources */ = {isa = PBXBuildFile; fileRef = AD13C6D116B9A80400B5CF5C /* region_btn.png */; };
		AD13C6D916B9A80400B5CF5C /* menu.png in Resources */ = {isa = PBXBuildFile; fileRef = AD13C6D216B9A80400B5CF5C /* menu.png */; };
		ADE062431680F9A400A0F7BF /* CFNetwork.framework in Frameworks */ = {isa = PBXBuildFile; fileRef = ADE062421680F9A400A0F7BF /* CFNetwork.framework */; };
		ADE062451680F9A900A0F7BF /* Security.framework in Frameworks */ = {isa = PBXBuildFile; fileRef = ADE062441680F9A900A0F7BF /* Security.framework */; };
		ADE062471680F9B900A0F7BF /* SystemConfiguration.framework in Frameworks */ = {isa = PBXBuildFile; fileRef = ADE062461680F9B900A0F7BF /* SystemConfiguration.framework */; };
		ADE062971680FF0E00A0F7BF /* libMKNetworkKit-iOS.a in Frameworks */ = {isa = PBXBuildFile; fileRef = ADE062941680FEFB00A0F7BF /* libMKNetworkKit-iOS.a */; };
		ADE0629A168101EC00A0F7BF /* TFANetEngine.m in Sources */ = {isa = PBXBuildFile; fileRef = ADE06299168101EC00A0F7BF /* TFANetEngine.m */; };
		ADE062BD16813AE000A0F7BF /* LogInViewController.m in Sources */ = {isa = PBXBuildFile; fileRef = ADE062BC16813AE000A0F7BF /* LogInViewController.m */; };
/* End PBXBuildFile section */

/* Begin PBXContainerItemProxy section */
		ADE062931680FEFB00A0F7BF /* PBXContainerItemProxy */ = {
			isa = PBXContainerItemProxy;
			containerPortal = ADE0628C1680FEFB00A0F7BF /* MKNetworkKit-iOS.xcodeproj */;
			proxyType = 2;
			remoteGlobalIDString = ABB5C25C148B3AE00056D3E9;
			remoteInfo = "MKNetworkKit-iOS";
		};
		ADE062951680FF0900A0F7BF /* PBXContainerItemProxy */ = {
			isa = PBXContainerItemProxy;
			containerPortal = ADE0628C1680FEFB00A0F7BF /* MKNetworkKit-iOS.xcodeproj */;
			proxyType = 1;
			remoteGlobalIDString = ABB5C25B148B3AE00056D3E9;
			remoteInfo = "MKNetworkKit-iOS";
		};
/* End PBXContainerItemProxy section */

/* Begin PBXFileReference section */
		2643FECC16B9B8D900459864 /* app_bg.png */ = {isa = PBXFileReference; lastKnownFileType = image.png; name = app_bg.png; path = "TFANet Mobile/app_bg.png"; sourceTree = "<group>"; };
		2643FECE16B9B9E700459864 /* img_bg.png */ = {isa = PBXFileReference; lastKnownFileType = image.png; name = img_bg.png; path = "TFANet Mobile/img_bg.png"; sourceTree = "<group>"; };
		2643FED016B9BBCC00459864 /* bg_color.png */ = {isa = PBXFileReference; lastKnownFileType = image.png; name = bg_color.png; path = "TFANet Mobile/bg_color.png"; sourceTree = "<group>"; };
		2643FED616B9D62C00459864 /* GroupSearchViewController.h */ = {isa = PBXFileReference; fileEncoding = 4; lastKnownFileType = sourcecode.c.h; name = GroupSearchViewController.h; path = "TFANet Mobile/GroupSearchViewController.h"; sourceTree = "<group>"; };
		2643FED716B9D62C00459864 /* GroupSearchViewController.m */ = {isa = PBXFileReference; fileEncoding = 4; lastKnownFileType = sourcecode.c.objc; name = GroupSearchViewController.m; path = "TFANet Mobile/GroupSearchViewController.m"; sourceTree = "<group>"; };
		2643FED916B9D7DC00459864 /* AllGroupCellView.xib  */ = {isa = PBXFileReference; fileEncoding = 4; lastKnownFileType = text.xml; name = "AllGroupCellView.xib "; path = "TFANet Mobile/AllGroupCellView.xib "; sourceTree = "<group>"; };
		99B5FF391671235F00AE6179 /* TFANet Mobile.app */ = {isa = PBXFileReference; explicitFileType = wrapper.application; includeInIndex = 0; path = "TFANet Mobile.app"; sourceTree = BUILT_PRODUCTS_DIR; };
		99B5FF3D1671235F00AE6179 /* UIKit.framework */ = {isa = PBXFileReference; lastKnownFileType = wrapper.framework; name = UIKit.framework; path = System/Library/Frameworks/UIKit.framework; sourceTree = SDKROOT; };
		99B5FF3F1671235F00AE6179 /* Foundation.framework */ = {isa = PBXFileReference; lastKnownFileType = wrapper.framework; name = Foundation.framework; path = System/Library/Frameworks/Foundation.framework; sourceTree = SDKROOT; };
		99B5FF411671235F00AE6179 /* CoreGraphics.framework */ = {isa = PBXFileReference; lastKnownFileType = wrapper.framework; name = CoreGraphics.framework; path = System/Library/Frameworks/CoreGraphics.framework; sourceTree = SDKROOT; };
		99B5FF451671235F00AE6179 /* TFANet Mobile-Info.plist */ = {isa = PBXFileReference; lastKnownFileType = text.plist.xml; path = "TFANet Mobile-Info.plist"; sourceTree = "<group>"; };
		99B5FF471671235F00AE6179 /* en */ = {isa = PBXFileReference; lastKnownFileType = text.plist.strings; name = en; path = en.lproj/InfoPlist.strings; sourceTree = "<group>"; };
		99B5FF491671235F00AE6179 /* main.m */ = {isa = PBXFileReference; lastKnownFileType = sourcecode.c.objc; path = main.m; sourceTree = "<group>"; };
		99B5FF4B1671235F00AE6179 /* TFANet Mobile-Prefix.pch */ = {isa = PBXFileReference; lastKnownFileType = sourcecode.c.h; path = "TFANet Mobile-Prefix.pch"; sourceTree = "<group>"; };
		99B5FF4C1671235F00AE6179 /* TFANetAppAppDelegate.h */ = {isa = PBXFileReference; lastKnownFileType = sourcecode.c.h; path = TFANetAppAppDelegate.h; sourceTree = "<group>"; };
		99B5FF4D1671235F00AE6179 /* TFANetAppAppDelegate.m */ = {isa = PBXFileReference; lastKnownFileType = sourcecode.c.objc; path = TFANetAppAppDelegate.m; sourceTree = "<group>"; };
		99B5FF4F1671235F00AE6179 /* Default.png */ = {isa = PBXFileReference; lastKnownFileType = image.png; path = Default.png; sourceTree = "<group>"; };
		99B5FF511671235F00AE6179 /* Default@2x.png */ = {isa = PBXFileReference; lastKnownFileType = image.png; path = "Default@2x.png"; sourceTree = "<group>"; };
		99B5FF531671235F00AE6179 /* Default-568h@2x.png */ = {isa = PBXFileReference; lastKnownFileType = image.png; path = "Default-568h@2x.png"; sourceTree = "<group>"; };
		99B5FF561671235F00AE6179 /* en */ = {isa = PBXFileReference; lastKnownFileType = file.storyboard; name = en; path = en.lproj/MainStoryboard.storyboard; sourceTree = "<group>"; };
		99B5FF581671235F00AE6179 /* TFANetAppViewController.h */ = {isa = PBXFileReference; lastKnownFileType = sourcecode.c.h; path = TFANetAppViewController.h; sourceTree = "<group>"; };
		99B5FF591671235F00AE6179 /* TFANetAppViewController.m */ = {isa = PBXFileReference; lastKnownFileType = sourcecode.c.objc; path = TFANetAppViewController.m; sourceTree = "<group>"; };
		99B5FF60167124B100AE6179 /* banner_tfanet.png */ = {isa = PBXFileReference; lastKnownFileType = image.png; path = banner_tfanet.png; sourceTree = "<group>"; };
		AD06F5CF16BAF51B00091D86 /* DicussionViewController.h */ = {isa = PBXFileReference; fileEncoding = 4; lastKnownFileType = sourcecode.c.h; name = DicussionViewController.h; path = "TFANet Mobile/DicussionViewController.h"; sourceTree = "<group>"; };
		AD06F5D016BAF51B00091D86 /* DicussionViewController.m */ = {isa = PBXFileReference; fileEncoding = 4; lastKnownFileType = sourcecode.c.objc; name = DicussionViewController.m; path = "TFANet Mobile/DicussionViewController.m"; sourceTree = "<group>"; };
		AD06F5D816BAFBEE00091D86 /* DiscussionView.xib */ = {isa = PBXFileReference; fileEncoding = 4; lastKnownFileType = file.xib; name = DiscussionView.xib; path = "TFANet Mobile/DiscussionView.xib"; sourceTree = "<group>"; };
		AD06F5F916BC0D7000091D86 /* DiscussionCell.h */ = {isa = PBXFileReference; fileEncoding = 4; lastKnownFileType = sourcecode.c.h; name = DiscussionCell.h; path = "TFANet Mobile/DiscussionCell.h"; sourceTree = "<group>"; };
		AD06F5FA16BC0D7000091D86 /* DiscussionCell.m */ = {isa = PBXFileReference; fileEncoding = 4; lastKnownFileType = sourcecode.c.objc; name = DiscussionCell.m; path = "TFANet Mobile/DiscussionCell.m"; sourceTree = "<group>"; };
		AD06F5FB16BC0D7000091D86 /* Discussion.m */ = {isa = PBXFileReference; fileEncoding = 4; lastKnownFileType = sourcecode.c.objc; name = Discussion.m; path = "TFANet Mobile/Discussion.m"; sourceTree = "<group>"; };
		AD06F5FC16BC0D7000091D86 /* Author.h */ = {isa = PBXFileReference; fileEncoding = 4; lastKnownFileType = sourcecode.c.h; name = Author.h; path = "TFANet Mobile/Author.h"; sourceTree = "<group>"; };
		AD06F5FD16BC0D7000091D86 /* Discussion.h */ = {isa = PBXFileReference; fileEncoding = 4; lastKnownFileType = sourcecode.c.h; name = Discussion.h; path = "TFANet Mobile/Discussion.h"; sourceTree = "<group>"; };
		AD06F5FE16BC0D7000091D86 /* Author.m */ = {isa = PBXFileReference; fileEncoding = 4; lastKnownFileType = sourcecode.c.objc; name = Author.m; path = "TFANet Mobile/Author.m"; sourceTree = "<group>"; };
		AD06F5FF16BC0D7000091D86 /* DateStamp.m */ = {isa = PBXFileReference; fileEncoding = 4; lastKnownFileType = sourcecode.c.objc; name = DateStamp.m; path = "TFANet Mobile/DateStamp.m"; sourceTree = "<group>"; };
		AD06F60016BC0D7000091D86 /* DateStamp.h */ = {isa = PBXFileReference; fileEncoding = 4; lastKnownFileType = sourcecode.c.h; name = DateStamp.h; path = "TFANet Mobile/DateStamp.h"; sourceTree = "<group>"; };
		AD13C58D16B8584100B5CF5C /* MyGroupsViewController.m */ = {isa = PBXFileReference; fileEncoding = 4; lastKnownFileType = sourcecode.c.objc; name = MyGroupsViewController.m; path = "TFANet Mobile/MyGroupsViewController.m"; sourceTree = "<group>"; };
		AD13C58E16B8584100B5CF5C /* GroupDetailViewController.h */ = {isa = PBXFileReference; fileEncoding = 4; lastKnownFileType = sourcecode.c.h; name = GroupDetailViewController.h; path = "TFANet Mobile/GroupDetailViewController.h"; sourceTree = "<group>"; };
		AD13C58F16B8584100B5CF5C /* GroupCell.h */ = {isa = PBXFileReference; fileEncoding = 4; lastKnownFileType = sourcecode.c.h; name = GroupCell.h; path = "TFANet Mobile/GroupCell.h"; sourceTree = "<group>"; };
		AD13C59016B8584100B5CF5C /* GroupCell.m */ = {isa = PBXFileReference; fileEncoding = 4; lastKnownFileType = sourcecode.c.objc; name = GroupCell.m; path = "TFANet Mobile/GroupCell.m"; sourceTree = "<group>"; };
		AD13C59116B8584100B5CF5C /* GroupDetailViewController.m */ = {isa = PBXFileReference; fileEncoding = 4; lastKnownFileType = sourcecode.c.objc; name = GroupDetailViewController.m; path = "TFANet Mobile/GroupDetailViewController.m"; sourceTree = "<group>"; };
		AD13C59216B8584100B5CF5C /* MyGroupsViewController.h */ = {isa = PBXFileReference; fileEncoding = 4; lastKnownFileType = sourcecode.c.h; name = MyGroupsViewController.h; path = "TFANet Mobile/MyGroupsViewController.h"; sourceTree = "<group>"; };
		AD13C60816B8775B00B5CF5C /* Group.h */ = {isa = PBXFileReference; fileEncoding = 4; lastKnownFileType = sourcecode.c.h; name = Group.h; path = "TFANet Mobile/Group.h"; sourceTree = "<group>"; };
		AD13C60916B8775B00B5CF5C /* Group.m */ = {isa = PBXFileReference; fileEncoding = 4; lastKnownFileType = sourcecode.c.objc; name = Group.m; path = "TFANet Mobile/Group.m"; sourceTree = "<group>"; };
		AD13C63116B88CE800B5CF5C /* GroupCellView.xib */ = {isa = PBXFileReference; fileEncoding = 4; lastKnownFileType = file.xib; name = GroupCellView.xib; path = "TFANet Mobile/GroupCellView.xib"; sourceTree = "<group>"; };
		AD13C6BA16B979C500B5CF5C /* loginbg.png */ = {isa = PBXFileReference; lastKnownFileType = image.png; name = loginbg.png; path = "TFANet Mobile/loginbg.png"; sourceTree = "<group>"; };
		AD13C6BD16B97F3700B5CF5C /* login_hoverbtn.png */ = {isa = PBXFileReference; lastKnownFileType = image.png; name = login_hoverbtn.png; path = "TFANet Mobile/login_hoverbtn.png"; sourceTree = "<group>"; };
		AD13C6BE16B97F3700B5CF5C /* loginbtn_hover.png */ = {isa = PBXFileReference; lastKnownFileType = image.png; name = loginbtn_hover.png; path = "TFANet Mobile/loginbtn_hover.png"; sourceTree = "<group>"; };
		AD13C6BF16B97F3700B5CF5C /* login_btn.png */ = {isa = PBXFileReference; lastKnownFileType = image.png; name = login_btn.png; path = "TFANet Mobile/login_btn.png"; sourceTree = "<group>"; };
		AD13C6CC16B9A80400B5CF5C /* blogbtn.png */ = {isa = PBXFileReference; lastKnownFileType = image.png; name = blogbtn.png; path = "TFANet Mobile/blogbtn.png"; sourceTree = "<group>"; };
		AD13C6CD16B9A80400B5CF5C /* pf_btn.png */ = {isa = PBXFileReference; lastKnownFileType = image.png; name = pf_btn.png; path = "TFANet Mobile/pf_btn.png"; sourceTree = "<group>"; };
		AD13C6CE16B9A80400B5CF5C /* groups.png */ = {isa = PBXFileReference; lastKnownFileType = image.png; name = groups.png; path = "TFANet Mobile/groups.png"; sourceTree = "<group>"; };
		AD13C6CF16B9A80400B5CF5C /* profile.png */ = {isa = PBXFileReference; lastKnownFileType = image.png; name = profile.png; path = "TFANet Mobile/profile.png"; sourceTree = "<group>"; };
		AD13C6D016B9A80400B5CF5C /* news_btn.png */ = {isa = PBXFileReference; lastKnownFileType = image.png; name = news_btn.png; path = "TFANet Mobile/news_btn.png"; sourceTree = "<group>"; };
		AD13C6D116B9A80400B5CF5C /* region_btn.png */ = {isa = PBXFileReference; lastKnownFileType = image.png; name = region_btn.png; path = "TFANet Mobile/region_btn.png"; sourceTree = "<group>"; };
		AD13C6D216B9A80400B5CF5C /* menu.png */ = {isa = PBXFileReference; lastKnownFileType = image.png; name = menu.png; path = "TFANet Mobile/menu.png"; sourceTree = "<group>"; };
		ADE062421680F9A400A0F7BF /* CFNetwork.framework */ = {isa = PBXFileReference; lastKnownFileType = wrapper.framework; name = CFNetwork.framework; path = System/Library/Frameworks/CFNetwork.framework; sourceTree = SDKROOT; };
		ADE062441680F9A900A0F7BF /* Security.framework */ = {isa = PBXFileReference; lastKnownFileType = wrapper.framework; name = Security.framework; path = System/Library/Frameworks/Security.framework; sourceTree = SDKROOT; };
		ADE062461680F9B900A0F7BF /* SystemConfiguration.framework */ = {isa = PBXFileReference; lastKnownFileType = wrapper.framework; name = SystemConfiguration.framework; path = System/Library/Frameworks/SystemConfiguration.framework; sourceTree = SDKROOT; };
		ADE0628C1680FEFB00A0F7BF /* MKNetworkKit-iOS.xcodeproj */ = {isa = PBXFileReference; lastKnownFileType = "wrapper.pb-project"; name = "MKNetworkKit-iOS.xcodeproj"; path = "TFANet Mobile/MKNetworkKit/MKNetworkKit-iOS/MKNetworkKit-iOS.xcodeproj"; sourceTree = "<group>"; };
		ADE06298168101EC00A0F7BF /* TFANetEngine.h */ = {isa = PBXFileReference; fileEncoding = 4; lastKnownFileType = sourcecode.c.h; path = TFANetEngine.h; sourceTree = "<group>"; xcLanguageSpecificationIdentifier = xcode.lang.objc; };
		ADE06299168101EC00A0F7BF /* TFANetEngine.m */ = {isa = PBXFileReference; fileEncoding = 4; lastKnownFileType = sourcecode.c.objc; path = TFANetEngine.m; sourceTree = "<group>"; };
		ADE062BB16813ADF00A0F7BF /* LogInViewController.h */ = {isa = PBXFileReference; fileEncoding = 4; lastKnownFileType = sourcecode.c.h; path = LogInViewController.h; sourceTree = "<group>"; };
		ADE062BC16813AE000A0F7BF /* LogInViewController.m */ = {isa = PBXFileReference; fileEncoding = 4; lastKnownFileType = sourcecode.c.objc; path = LogInViewController.m; sourceTree = "<group>"; };
/* End PBXFileReference section */

/* Begin PBXFrameworksBuildPhase section */
		99B5FF361671235F00AE6179 /* Frameworks */ = {
			isa = PBXFrameworksBuildPhase;
			buildActionMask = 2147483647;
			files = (
				ADE062971680FF0E00A0F7BF /* libMKNetworkKit-iOS.a in Frameworks */,
				ADE062471680F9B900A0F7BF /* SystemConfiguration.framework in Frameworks */,
				ADE062451680F9A900A0F7BF /* Security.framework in Frameworks */,
				ADE062431680F9A400A0F7BF /* CFNetwork.framework in Frameworks */,
				99B5FF3E1671235F00AE6179 /* UIKit.framework in Frameworks */,
				99B5FF401671235F00AE6179 /* Foundation.framework in Frameworks */,
				99B5FF421671235F00AE6179 /* CoreGraphics.framework in Frameworks */,
			);
			runOnlyForDeploymentPostprocessing = 0;
		};
/* End PBXFrameworksBuildPhase section */

/* Begin PBXGroup section */
		99B5FF2E1671235F00AE6179 = {
			isa = PBXGroup;
			children = (
				ADE0628C1680FEFB00A0F7BF /* MKNetworkKit-iOS.xcodeproj */,
				99B5FF431671235F00AE6179 /* TFANet Mobile */,
				99B5FF3C1671235F00AE6179 /* Frameworks */,
				99B5FF3A1671235F00AE6179 /* Products */,
			);
			sourceTree = "<group>";
		};
		99B5FF3A1671235F00AE6179 /* Products */ = {
			isa = PBXGroup;
			children = (
				99B5FF391671235F00AE6179 /* TFANet Mobile.app */,
			);
			name = Products;
			sourceTree = "<group>";
		};
		99B5FF3C1671235F00AE6179 /* Frameworks */ = {
			isa = PBXGroup;
			children = (
				ADE062461680F9B900A0F7BF /* SystemConfiguration.framework */,
				ADE062441680F9A900A0F7BF /* Security.framework */,
				ADE062421680F9A400A0F7BF /* CFNetwork.framework */,
				99B5FF3D1671235F00AE6179 /* UIKit.framework */,
				99B5FF3F1671235F00AE6179 /* Foundation.framework */,
				99B5FF411671235F00AE6179 /* CoreGraphics.framework */,
			);
			name = Frameworks;
			sourceTree = "<group>";
		};
		99B5FF431671235F00AE6179 /* TFANet Mobile */ = {
			isa = PBXGroup;
			children = (
				AD13C6BC16B979CC00B5CF5C /* images */,
				AD13C59616B8584800B5CF5C /* Group UI */,
				ADE06298168101EC00A0F7BF /* TFANetEngine.h */,
				ADE06299168101EC00A0F7BF /* TFANetEngine.m */,
				99B5FF4C1671235F00AE6179 /* TFANetAppAppDelegate.h */,
				99B5FF4D1671235F00AE6179 /* TFANetAppAppDelegate.m */,
				99B5FF551671235F00AE6179 /* MainStoryboard.storyboard */,
				ADE062BB16813ADF00A0F7BF /* LogInViewController.h */,
				ADE062BC16813AE000A0F7BF /* LogInViewController.m */,
				99B5FF581671235F00AE6179 /* TFANetAppViewController.h */,
				99B5FF591671235F00AE6179 /* TFANetAppViewController.m */,
				99B5FF441671235F00AE6179 /* Supporting Files */,
			);
			path = "TFANet Mobile";
			sourceTree = "<group>";
		};
		99B5FF441671235F00AE6179 /* Supporting Files */ = {
			isa = PBXGroup;
			children = (
				99B5FF60167124B100AE6179 /* banner_tfanet.png */,
				99B5FF451671235F00AE6179 /* TFANet Mobile-Info.plist */,
				99B5FF461671235F00AE6179 /* InfoPlist.strings */,
				99B5FF491671235F00AE6179 /* main.m */,
				99B5FF4B1671235F00AE6179 /* TFANet Mobile-Prefix.pch */,
				99B5FF4F1671235F00AE6179 /* Default.png */,
				99B5FF511671235F00AE6179 /* Default@2x.png */,
				99B5FF531671235F00AE6179 /* Default-568h@2x.png */,
			);
			name = "Supporting Files";
			sourceTree = "<group>";
		};
		AD06F5DD16BC0A9800091D86 /* Discussion */ = {
			isa = PBXGroup;
			children = (
				AD06F5F916BC0D7000091D86 /* DiscussionCell.h */,
				AD06F5FA16BC0D7000091D86 /* DiscussionCell.m */,
				AD06F5FB16BC0D7000091D86 /* Discussion.m */,
				AD06F5FC16BC0D7000091D86 /* Author.h */,
				AD06F5FD16BC0D7000091D86 /* Discussion.h */,
				AD06F5FE16BC0D7000091D86 /* Author.m */,
				AD06F5D816BAFBEE00091D86 /* DiscussionView.xib */,
				AD06F5CF16BAF51B00091D86 /* DicussionViewController.h */,
				AD06F5D016BAF51B00091D86 /* DicussionViewController.m */,
			);
			name = Discussion;
			sourceTree = "<group>";
		};
		AD13C59616B8584800B5CF5C /* Group UI */ = {
			isa = PBXGroup;
			children = (
				AD06F5FF16BC0D7000091D86 /* DateStamp.m */,
				AD06F60016BC0D7000091D86 /* DateStamp.h */,
				AD13C60816B8775B00B5CF5C /* Group.h */,
				AD13C60916B8775B00B5CF5C /* Group.m */,
				2643FED616B9D62C00459864 /* GroupSearchViewController.h */,
				2643FED716B9D62C00459864 /* GroupSearchViewController.m */,
				AD13C58E16B8584100B5CF5C /* GroupDetailViewController.h */,
				AD13C59116B8584100B5CF5C /* GroupDetailViewController.m */,
				AD13C58F16B8584100B5CF5C /* GroupCell.h */,
				AD13C59016B8584100B5CF5C /* GroupCell.m */,
				AD13C59216B8584100B5CF5C /* MyGroupsViewController.h */,
				AD13C58D16B8584100B5CF5C /* MyGroupsViewController.m */,
				AD13C63116B88CE800B5CF5C /* GroupCellView.xib */,
				2643FED916B9D7DC00459864 /* AllGroupCellView.xib  */,
				AD06F5DD16BC0A9800091D86 /* Discussion */,
			);
			name = "Group UI";
			path = ..;
			sourceTree = "<group>";
		};
		AD13C6BC16B979CC00B5CF5C /* images */ = {
			isa = PBXGroup;
			children = (
				2643FED016B9BBCC00459864 /* bg_color.png */,
				2643FECE16B9B9E700459864 /* img_bg.png */,
				2643FECC16B9B8D900459864 /* app_bg.png */,
				AD13C6CC16B9A80400B5CF5C /* blogbtn.png */,
				AD13C6CD16B9A80400B5CF5C /* pf_btn.png */,
				AD13C6CE16B9A80400B5CF5C /* groups.png */,
				AD13C6CF16B9A80400B5CF5C /* profile.png */,
				AD13C6D016B9A80400B5CF5C /* news_btn.png */,
				AD13C6D116B9A80400B5CF5C /* region_btn.png */,
				AD13C6D216B9A80400B5CF5C /* menu.png */,
				AD13C6BD16B97F3700B5CF5C /* login_hoverbtn.png */,
				AD13C6BE16B97F3700B5CF5C /* loginbtn_hover.png */,
				AD13C6BF16B97F3700B5CF5C /* login_btn.png */,
				AD13C6BA16B979C500B5CF5C /* loginbg.png */,
			);
			name = images;
			path = ..;
			sourceTree = "<group>";
		};
		ADE0628D1680FEFB00A0F7BF /* Products */ = {
			isa = PBXGroup;
			children = (
				ADE062941680FEFB00A0F7BF /* libMKNetworkKit-iOS.a */,
			);
			name = Products;
			sourceTree = "<group>";
		};
/* End PBXGroup section */

/* Begin PBXNativeTarget section */
		99B5FF381671235F00AE6179 /* TFANet Mobile */ = {
			isa = PBXNativeTarget;
			buildConfigurationList = 99B5FF5D1671235F00AE6179 /* Build configuration list for PBXNativeTarget "TFANet Mobile" */;
			buildPhases = (
				99B5FF351671235F00AE6179 /* Sources */,
				99B5FF361671235F00AE6179 /* Frameworks */,
				99B5FF371671235F00AE6179 /* Resources */,
			);
			buildRules = (
			);
			dependencies = (
				ADE062961680FF0900A0F7BF /* PBXTargetDependency */,
			);
			name = "TFANet Mobile";
			productName = "TFANet Mobile";
			productReference = 99B5FF391671235F00AE6179 /* TFANet Mobile.app */;
			productType = "com.apple.product-type.application";
		};
/* End PBXNativeTarget section */

/* Begin PBXProject section */
		99B5FF301671235F00AE6179 /* Project object */ = {
			isa = PBXProject;
			attributes = {
				CLASSPREFIX = TFANetApp;
				LastUpgradeCheck = 0450;
				ORGANIZATIONNAME = "Teach For America";
			};
			buildConfigurationList = 99B5FF331671235F00AE6179 /* Build configuration list for PBXProject "TFANet Mobile" */;
			compatibilityVersion = "Xcode 3.2";
			developmentRegion = English;
			hasScannedForEncodings = 0;
			knownRegions = (
				en,
			);
			mainGroup = 99B5FF2E1671235F00AE6179;
			productRefGroup = 99B5FF3A1671235F00AE6179 /* Products */;
			projectDirPath = "";
			projectReferences = (
				{
					ProductGroup = ADE0628D1680FEFB00A0F7BF /* Products */;
					ProjectRef = ADE0628C1680FEFB00A0F7BF /* MKNetworkKit-iOS.xcodeproj */;
				},
			);
			projectRoot = "";
			targets = (
				99B5FF381671235F00AE6179 /* TFANet Mobile */,
			);
		};
/* End PBXProject section */

/* Begin PBXReferenceProxy section */
		ADE062941680FEFB00A0F7BF /* libMKNetworkKit-iOS.a */ = {
			isa = PBXReferenceProxy;
			fileType = archive.ar;
			path = "libMKNetworkKit-iOS.a";
			remoteRef = ADE062931680FEFB00A0F7BF /* PBXContainerItemProxy */;
			sourceTree = BUILT_PRODUCTS_DIR;
		};
/* End PBXReferenceProxy section */

/* Begin PBXResourcesBuildPhase section */
		99B5FF371671235F00AE6179 /* Resources */ = {
			isa = PBXResourcesBuildPhase;
			buildActionMask = 2147483647;
			files = (
				99B5FF481671235F00AE6179 /* InfoPlist.strings in Resources */,
				99B5FF501671235F00AE6179 /* Default.png in Resources */,
				99B5FF521671235F00AE6179 /* Default@2x.png in Resources */,
				99B5FF541671235F00AE6179 /* Default-568h@2x.png in Resources */,
				99B5FF571671235F00AE6179 /* MainStoryboard.storyboard in Resources */,
				99B5FF61167124B100AE6179 /* banner_tfanet.png in Resources */,
				AD13C63216B88CE800B5CF5C /* GroupCellView.xib in Resources */,
				AD13C6BB16B979C500B5CF5C /* loginbg.png in Resources */,
				AD13C6C016B97F3700B5CF5C /* login_hoverbtn.png in Resources */,
				AD13C6C116B97F3700B5CF5C /* loginbtn_hover.png in Resources */,
				AD13C6C216B97F3700B5CF5C /* login_btn.png in Resources */,
				AD13C6D316B9A80400B5CF5C /* blogbtn.png in Resources */,
				AD13C6D416B9A80400B5CF5C /* pf_btn.png in Resources */,
				AD13C6D516B9A80400B5CF5C /* groups.png in Resources */,
				AD13C6D616B9A80400B5CF5C /* profile.png in Resources */,
				AD13C6D716B9A80400B5CF5C /* news_btn.png in Resources */,
				AD13C6D816B9A80400B5CF5C /* region_btn.png in Resources */,
				AD13C6D916B9A80400B5CF5C /* menu.png in Resources */,
				2643FECD16B9B8D900459864 /* app_bg.png in Resources */,
				2643FECF16B9B9E700459864 /* img_bg.png in Resources */,
				2643FED116B9BBCC00459864 /* bg_color.png in Resources */,
				2643FEDA16B9D7DC00459864 /* AllGroupCellView.xib  in Resources */,
				AD06F5D916BAFBEE00091D86 /* DiscussionView.xib in Resources */,
			);
			runOnlyForDeploymentPostprocessing = 0;
		};
/* End PBXResourcesBuildPhase section */

/* Begin PBXSourcesBuildPhase section */
		99B5FF351671235F00AE6179 /* Sources */ = {
			isa = PBXSourcesBuildPhase;
			buildActionMask = 2147483647;
			files = (
				99B5FF4A1671235F00AE6179 /* main.m in Sources */,
				99B5FF4E1671235F00AE6179 /* TFANetAppAppDelegate.m in Sources */,
				99B5FF5A1671235F00AE6179 /* TFANetAppViewController.m in Sources */,
				ADE0629A168101EC00A0F7BF /* TFANetEngine.m in Sources */,
				ADE062BD16813AE000A0F7BF /* LogInViewController.m in Sources */,
				AD13C59316B8584100B5CF5C /* MyGroupsViewController.m in Sources */,
				AD13C59416B8584100B5CF5C /* GroupCell.m in Sources */,
				AD13C59516B8584100B5CF5C /* GroupDetailViewController.m in Sources */,
				AD13C60A16B8775B00B5CF5C /* Group.m in Sources */,
				2643FED816B9D62C00459864 /* GroupSearchViewController.m in Sources */,
				AD06F5D116BAF51B00091D86 /* DicussionViewController.m in Sources */,
				AD06F60116BC0D7000091D86 /* DiscussionCell.m in Sources */,
				AD06F60216BC0D7000091D86 /* Discussion.m in Sources */,
				AD06F60316BC0D7000091D86 /* Author.m in Sources */,
				AD06F60416BC0D7000091D86 /* DateStamp.m in Sources */,
			);
			runOnlyForDeploymentPostprocessing = 0;
		};
/* End PBXSourcesBuildPhase section */

/* Begin PBXTargetDependency section */
		ADE062961680FF0900A0F7BF /* PBXTargetDependency */ = {
			isa = PBXTargetDependency;
			name = "MKNetworkKit-iOS";
			targetProxy = ADE062951680FF0900A0F7BF /* PBXContainerItemProxy */;
		};
/* End PBXTargetDependency section */

/* Begin PBXVariantGroup section */
		99B5FF461671235F00AE6179 /* InfoPlist.strings */ = {
			isa = PBXVariantGroup;
			children = (
				99B5FF471671235F00AE6179 /* en */,
			);
			name = InfoPlist.strings;
			sourceTree = "<group>";
		};
		99B5FF551671235F00AE6179 /* MainStoryboard.storyboard */ = {
			isa = PBXVariantGroup;
			children = (
				99B5FF561671235F00AE6179 /* en */,
			);
			name = MainStoryboard.storyboard;
			sourceTree = "<group>";
		};
/* End PBXVariantGroup section */

/* Begin XCBuildConfiguration section */
		99B5FF5B1671235F00AE6179 /* Debug */ = {
			isa = XCBuildConfiguration;
			buildSettings = {
				ALWAYS_SEARCH_USER_PATHS = NO;
				CLANG_CXX_LANGUAGE_STANDARD = "gnu++0x";
				CLANG_CXX_LIBRARY = "libc++";
				CLANG_ENABLE_OBJC_ARC = YES;
				CLANG_WARN_EMPTY_BODY = YES;
				CLANG_WARN__DUPLICATE_METHOD_MATCH = YES;
				"CODE_SIGN_IDENTITY[sdk=iphoneos*]" = "iPhone Developer";
				COPY_PHASE_STRIP = NO;
				GCC_C_LANGUAGE_STANDARD = gnu99;
				GCC_DYNAMIC_NO_PIC = NO;
				GCC_OPTIMIZATION_LEVEL = 0;
				GCC_PREPROCESSOR_DEFINITIONS = (
					"DEBUG=1",
					"$(inherited)",
				);
				GCC_SYMBOLS_PRIVATE_EXTERN = NO;
				GCC_WARN_ABOUT_RETURN_TYPE = YES;
				GCC_WARN_UNINITIALIZED_AUTOS = YES;
				GCC_WARN_UNUSED_VARIABLE = YES;
				HEADER_SEARCH_PATHS = (
					"${PROJECT_DIR}/MKNetworkKit/MKNetworkKit-iOS/**",
					"${PROJECT_DIR}/MKNetworkKit/MKNetworkKit/**",
				);
				IPHONEOS_DEPLOYMENT_TARGET = 6.0;
				ONLY_ACTIVE_ARCH = YES;
				OTHER_LDFLAGS = (
					"-ObjC",
					"-all_load",
				);
				SDKROOT = iphoneos;
				TARGETED_DEVICE_FAMILY = 2;
			};
			name = Debug;
		};
		99B5FF5C1671235F00AE6179 /* Release */ = {
			isa = XCBuildConfiguration;
			buildSettings = {
				ALWAYS_SEARCH_USER_PATHS = NO;
				CLANG_CXX_LANGUAGE_STANDARD = "gnu++0x";
				CLANG_CXX_LIBRARY = "libc++";
				CLANG_ENABLE_OBJC_ARC = YES;
				CLANG_WARN_EMPTY_BODY = YES;
				CLANG_WARN__DUPLICATE_METHOD_MATCH = YES;
				"CODE_SIGN_IDENTITY[sdk=iphoneos*]" = "iPhone Developer";
				COPY_PHASE_STRIP = YES;
				GCC_C_LANGUAGE_STANDARD = gnu99;
				GCC_WARN_ABOUT_RETURN_TYPE = YES;
				GCC_WARN_UNINITIALIZED_AUTOS = YES;
				GCC_WARN_UNUSED_VARIABLE = YES;
				HEADER_SEARCH_PATHS = (
					"${PROJECT_DIR}/MKNetworkKit/MKNetworkKit-iOS/**",
					"${PROJECT_DIR}/MKNetworkKit/MKNetworkKit/**",
				);
				IPHONEOS_DEPLOYMENT_TARGET = 6.0;
				OTHER_CFLAGS = "-DNS_BLOCK_ASSERTIONS=1";
				OTHER_LDFLAGS = (
					"-ObjC",
					"-all_load",
				);
				SDKROOT = iphoneos;
				TARGETED_DEVICE_FAMILY = 2;
				VALIDATE_PRODUCT = YES;
			};
			name = Release;
		};
		99B5FF5E1671235F00AE6179 /* Debug */ = {
			isa = XCBuildConfiguration;
			buildSettings = {
				GCC_PRECOMPILE_PREFIX_HEADER = YES;
				GCC_PREFIX_HEADER = "TFANet Mobile/TFANet Mobile-Prefix.pch";
				INFOPLIST_FILE = "TFANet Mobile/TFANet Mobile-Info.plist";
				PRODUCT_NAME = "$(TARGET_NAME)";
				WRAPPER_EXTENSION = app;
			};
			name = Debug;
		};
		99B5FF5F1671235F00AE6179 /* Release */ = {
			isa = XCBuildConfiguration;
			buildSettings = {
				GCC_PRECOMPILE_PREFIX_HEADER = YES;
				GCC_PREFIX_HEADER = "TFANet Mobile/TFANet Mobile-Prefix.pch";
				INFOPLIST_FILE = "TFANet Mobile/TFANet Mobile-Info.plist";
				PRODUCT_NAME = "$(TARGET_NAME)";
				WRAPPER_EXTENSION = app;
			};
			name = Release;
		};
/* End XCBuildConfiguration section */

/* Begin XCConfigurationList section */
		99B5FF331671235F00AE6179 /* Build configuration list for PBXProject "TFANet Mobile" */ = {
			isa = XCConfigurationList;
			buildConfigurations = (
				99B5FF5B1671235F00AE6179 /* Debug */,
				99B5FF5C1671235F00AE6179 /* Release */,
			);
			defaultConfigurationIsVisible = 0;
			defaultConfigurationName = Release;
		};
		99B5FF5D1671235F00AE6179 /* Build configuration list for PBXNativeTarget "TFANet Mobile" */ = {
			isa = XCConfigurationList;
			buildConfigurations = (
				99B5FF5E1671235F00AE6179 /* Debug */,
				99B5FF5F1671235F00AE6179 /* Release */,
			);
			defaultConfigurationIsVisible = 0;
			defaultConfigurationName = Release;
		};
/* End XCConfigurationList section */
	};
	rootObject = 99B5FF301671235F00AE6179 /* Project object */;
}
